Microsoft Visual Studio Solution File, Format Version 12.00
# Visual Studio Version 17
VisualStudioVersion = 17.5.2.0
MinimumVisualStudioVersion = 10.0.40219.1
Project("{2150E333-8FDC-42A3-9474-1A3956D46DE8}") = "backend", "backend", "{1AE8ACA6-933B-BF2A-3671-3E2EAC007D16}"
EndProject
Project("{FAE04EC0-301F-11D3-BF4B-00C04F79EFBC}") = "NuclearSystemChase.Api", "backend\NuclearSystemChase.Api.csproj", "{9EF31D14-643C-8E09-E329-5FEDB4398D95}"
EndProject
Global
	GlobalSection(SolutionConfigurationPlatforms) = preSolution
		Debug|Any CPU = Debug|Any CPU
		Release|Any CPU = Release|Any CPU
	EndGlobalSection
	GlobalSection(ProjectConfigurationPlatforms) = postSolution
		{9EF31D14-643C-8E09-E329-5FEDB4398D95}.Debug|Any CPU.ActiveCfg = Debug|Any CPU
		{9EF31D14-643C-8E09-E329-5FEDB4398D95}.Debug|Any CPU.Build.0 = Debug|Any CPU
		{9EF31D14-643C-8E09-E329-5FEDB4398D95}.Release|Any CPU.ActiveCfg = Release|Any CPU
		{9EF31D14-643C-8E09-E329-5FEDB4398D95}.Release|Any CPU.Build.0 = Release|Any CPU
	EndGlobalSection
	GlobalSection(SolutionProperties) = preSolution
		HideSolutionNode = FALSE
	EndGlobalSection
	GlobalSection(NestedProjects) = preSolution
		{9EF31D14-643C-8E09-E329-5FEDB4398D95} = {1AE8ACA6-933B-BF2A-3671-3E2EAC007D16}
	EndGlobalSection
	GlobalSection(ExtensibilityGlobals) = postSolution
		SolutionGuid = {0953A885-2174-4F54-B582-C601D8910822}
	EndGlobalSection
EndGlobal
